version: 2.0
shards:
  ameba:
    git: https://github.com/crystal-ameba/ameba.git
    version: 1.7.0

  crinja:
    git: https://github.com/straight-shoota/crinja.git
    version: 0.9.0+git.commit.118af0dea81da1c60669d879d5ee24200420e890

  croupier:
    git: https://github.com/ralsina/croupier.git
    version: 0.15.0

  docopt:
    git: https://github.com/ralsina/docopt.cr.git
    version: 0.3.1

  dotenv:
    git: https://github.com/gdotdesign/cr-dotenv.git
    version: 1.0.0

  inotify:
    git: https://github.com/petoem/inotify.cr.git
    version: 1.2.0

  kiwi:
    git: https://github.com/ralsina/kiwi.git
    version: 0.1.0+git.commit.65059b87771238593a28b2b8b9fdf77d8e2b9e89
